
Microsoft Visual Studio Solution File, Format Version 12.00
# Visual Studio 15
VisualStudioVersion = 15.0.28307.489
MinimumVisualStudioVersion = 10.0.40219.1
Project("{FAE04EC0-301F-11D3-BF4B-00C04F79EFBC}") = "RentACar.DATA", "RentACar.DATA\RentACar.DATA.csproj", "{16C31AE4-6D27-45F3-9633-6E2873CDF428}"
EndProject
Project("{FAE04EC0-301F-11D3-BF4B-00C04F79EFBC}") = "RentACar.DAL", "RentACar.DAL\RentACar.DAL.csproj", "{C0AE8443-4224-4DFE-BA1B-70EEBDC5FD1D}"
EndProject
Project("{FAE04EC0-301F-11D3-BF4B-00C04F79EFBC}") = "RentACar.UI", "RentACar.UI\RentACar.UI.csproj", "{067FE5B7-5E7E-413D-B4F9-0C886A77BCCA}"
EndProject
Global
	GlobalSection(SolutionConfigurationPlatforms) = preSolution
		Debug|Any CPU = Debug|Any CPU
		Release|Any CPU = Release|Any CPU
	EndGlobalSection
	GlobalSection(ProjectConfigurationPlatforms) = postSolution
		{16C31AE4-6D27-45F3-9633-6E2873CDF428}.Debug|Any CPU.ActiveCfg = Debug|Any CPU
		{16C31AE4-6D27-45F3-9633-6E2873CDF428}.Debug|Any CPU.Build.0 = Debug|Any CPU
		{16C31AE4-6D27-45F3-9633-6E2873CDF428}.Release|Any CPU.ActiveCfg = Release|Any CPU
		{16C31AE4-6D27-45F3-9633-6E2873CDF428}.Release|Any CPU.Build.0 = Release|Any CPU
		{C0AE8443-4224-4DFE-BA1B-70EEBDC5FD1D}.Debug|Any CPU.ActiveCfg = Debug|Any CPU
		{C0AE8443-4224-4DFE-BA1B-70EEBDC5FD1D}.Debug|Any CPU.Build.0 = Debug|Any CPU
		{C0AE8443-4224-4DFE-BA1B-70EEBDC5FD1D}.Release|Any CPU.ActiveCfg = Release|Any CPU
		{C0AE8443-4224-4DFE-BA1B-70EEBDC5FD1D}.Release|Any CPU.Build.0 = Release|Any CPU
		{067FE5B7-5E7E-413D-B4F9-0C886A77BCCA}.Debug|Any CPU.ActiveCfg = Debug|Any CPU
		{067FE5B7-5E7E-413D-B4F9-0C886A77BCCA}.Debug|Any CPU.Build.0 = Debug|Any CPU
		{067FE5B7-5E7E-413D-B4F9-0C886A77BCCA}.Release|Any CPU.ActiveCfg = Release|Any CPU
		{067FE5B7-5E7E-413D-B4F9-0C886A77BCCA}.Release|Any CPU.Build.0 = Release|Any CPU
	EndGlobalSection
	GlobalSection(SolutionProperties) = preSolution
		HideSolutionNode = FALSE
	EndGlobalSection
	GlobalSection(ExtensibilityGlobals) = postSolution
		SolutionGuid = {85C1BB58-49AC-4AD5-9451-C682C0DBFB84}
	EndGlobalSection
EndGlobal
